
Microsoft Visual Studio Solution File, Format Version 12.00
# Visual Studio 14
VisualStudioVersion = 14.0.25420.1
MinimumVisualStudioVersion = 10.0.40219.1
Project("{8BC9CEB8-8B4A-11D0-8D11-00A0C91BC942}") = "MC Base", "Mesh Intersection\Mesh Intersection.vcxproj", "{01342707-1CA4-4C07-A938-B465874E2F1A}"
EndProject
Project("{8BC9CEB8-8B4A-11D0-8D11-00A0C91BC942}") = "MC UI", "MC UI\MC UI.vcxproj", "{EAD54FB9-A65B-48B1-9918-76A42D22BA82}"
EndProject
Project("{8BC9CEB8-8B4A-11D0-8D11-00A0C91BC942}") = "Graphics App", "GTKTest\GTKTest\GTKTest.vcxproj", "{8C027E59-CDAA-45C1-B45D-BFD4CC708AB3}"
EndProject
Project("{8BC9CEB8-8B4A-11D0-8D11-00A0C91BC942}") = "Console App", "Console App\Console App.vcxproj", "{44F67C2C-3459-4727-B5FA-E4E7A5B5941D}"
EndProject
Project("{8BC9CEB8-8B4A-11D0-8D11-00A0C91BC942}") = "MC IO", "MC IO\MC IO.vcxproj", "{D21C1EB8-892D-40C8-A45F-08C6F2A38A11}"
EndProject
Global
	GlobalSection(SolutionConfigurationPlatforms) = preSolution
		Debug|x64 = Debug|x64
		Debug|x86 = Debug|x86
		Release|x64 = Release|x64
		Release|x86 = Release|x86
	EndGlobalSection
	GlobalSection(ProjectConfigurationPlatforms) = postSolution
		{01342707-1CA4-4C07-A938-B465874E2F1A}.Debug|x64.ActiveCfg = Debug|x64
		{01342707-1CA4-4C07-A938-B465874E2F1A}.Debug|x64.Build.0 = Debug|x64
		{01342707-1CA4-4C07-A938-B465874E2F1A}.Debug|x86.ActiveCfg = Debug|Win32
		{01342707-1CA4-4C07-A938-B465874E2F1A}.Debug|x86.Build.0 = Debug|Win32
		{01342707-1CA4-4C07-A938-B465874E2F1A}.Release|x64.ActiveCfg = Release|x64
		{01342707-1CA4-4C07-A938-B465874E2F1A}.Release|x64.Build.0 = Release|x64
		{01342707-1CA4-4C07-A938-B465874E2F1A}.Release|x86.ActiveCfg = Release|Win32
		{01342707-1CA4-4C07-A938-B465874E2F1A}.Release|x86.Build.0 = Release|Win32
		{EAD54FB9-A65B-48B1-9918-76A42D22BA82}.Debug|x64.ActiveCfg = Debug|x64
		{EAD54FB9-A65B-48B1-9918-76A42D22BA82}.Debug|x64.Build.0 = Debug|x64
		{EAD54FB9-A65B-48B1-9918-76A42D22BA82}.Debug|x86.ActiveCfg = Debug|Win32
		{EAD54FB9-A65B-48B1-9918-76A42D22BA82}.Debug|x86.Build.0 = Debug|Win32
		{EAD54FB9-A65B-48B1-9918-76A42D22BA82}.Release|x64.ActiveCfg = Release|x64
		{EAD54FB9-A65B-48B1-9918-76A42D22BA82}.Release|x64.Build.0 = Release|x64
		{EAD54FB9-A65B-48B1-9918-76A42D22BA82}.Release|x86.ActiveCfg = Release|Win32
		{EAD54FB9-A65B-48B1-9918-76A42D22BA82}.Release|x86.Build.0 = Release|Win32
		{8C027E59-CDAA-45C1-B45D-BFD4CC708AB3}.Debug|x64.ActiveCfg = Debug|x64
		{8C027E59-CDAA-45C1-B45D-BFD4CC708AB3}.Debug|x64.Build.0 = Debug|x64
		{8C027E59-CDAA-45C1-B45D-BFD4CC708AB3}.Debug|x86.ActiveCfg = Debug|Win32
		{8C027E59-CDAA-45C1-B45D-BFD4CC708AB3}.Debug|x86.Build.0 = Debug|Win32
		{8C027E59-CDAA-45C1-B45D-BFD4CC708AB3}.Release|x64.ActiveCfg = Release|x64
		{8C027E59-CDAA-45C1-B45D-BFD4CC708AB3}.Release|x64.Build.0 = Release|x64
		{8C027E59-CDAA-45C1-B45D-BFD4CC708AB3}.Release|x86.ActiveCfg = Release|Win32
		{8C027E59-CDAA-45C1-B45D-BFD4CC708AB3}.Release|x86.Build.0 = Release|Win32
		{44F67C2C-3459-4727-B5FA-E4E7A5B5941D}.Debug|x64.ActiveCfg = Debug|x64
		{44F67C2C-3459-4727-B5FA-E4E7A5B5941D}.Debug|x64.Build.0 = Debug|x64
		{44F67C2C-3459-4727-B5FA-E4E7A5B5941D}.Debug|x86.ActiveCfg = Debug|Win32
		{44F67C2C-3459-4727-B5FA-E4E7A5B5941D}.Debug|x86.Build.0 = Debug|Win32
		{44F67C2C-3459-4727-B5FA-E4E7A5B5941D}.Release|x64.ActiveCfg = Release|x64
		{44F67C2C-3459-4727-B5FA-E4E7A5B5941D}.Release|x64.Build.0 = Release|x64
		{44F67C2C-3459-4727-B5FA-E4E7A5B5941D}.Release|x86.ActiveCfg = Release|Win32
		{44F67C2C-3459-4727-B5FA-E4E7A5B5941D}.Release|x86.Build.0 = Release|Win32
		{D21C1EB8-892D-40C8-A45F-08C6F2A38A11}.Debug|x64.ActiveCfg = Debug|x64
		{D21C1EB8-892D-40C8-A45F-08C6F2A38A11}.Debug|x64.Build.0 = Debug|x64
		{D21C1EB8-892D-40C8-A45F-08C6F2A38A11}.Debug|x86.ActiveCfg = Debug|Win32
		{D21C1EB8-892D-40C8-A45F-08C6F2A38A11}.Debug|x86.Build.0 = Debug|Win32
		{D21C1EB8-892D-40C8-A45F-08C6F2A38A11}.Release|x64.ActiveCfg = Release|x64
		{D21C1EB8-892D-40C8-A45F-08C6F2A38A11}.Release|x64.Build.0 = Release|x64
		{D21C1EB8-892D-40C8-A45F-08C6F2A38A11}.Release|x86.ActiveCfg = Release|Win32
		{D21C1EB8-892D-40C8-A45F-08C6F2A38A11}.Release|x86.Build.0 = Release|Win32
	EndGlobalSection
	GlobalSection(SolutionProperties) = preSolution
		HideSolutionNode = FALSE
	EndGlobalSection
EndGlobal
