<?xml version="1.0" encoding="utf-8"?>
<Project ToolsVersion="4.0" xmlns="http://schemas.microsoft.com/developer/msbuild/2003">
  <ItemGroup>
    <Filter Include="Fichiers de ressources">
      <UniqueIdentifier>{67DA6AB6-F800-4c08-8B7A-83BB121AAD01}</UniqueIdentifier>
      <Extensions>rc;ico;cur;bmp;dlg;rc2;rct;bin;rgs;gif;jpg;jpeg;jpe;resx;tiff;tif;png;wav;mfcribbon-ms</Extensions>
    </Filter>
    <Filter Include="algorithms">
      <UniqueIdentifier>{80bec4a7-d996-400a-95ca-32aea7c9c68a}</UniqueIdentifier>
    </Filter>
    <Filter Include="Logger">
      <UniqueIdentifier>{01afe62d-a5cb-4710-b0e8-e24501877c36}</UniqueIdentifier>
    </Filter>
    <Filter Include="Intersection">
      <UniqueIdentifier>{ba8f8895-2dfa-46e2-8558-03469180d56c}</UniqueIdentifier>
    </Filter>
  </ItemGroup>
  <ItemGroup>
    <ClInclude Include="logger.hpp">
      <Filter>Logger</Filter>
    </ClInclude>
    <ClInclude Include="mc_vcg_algorithms.hpp">
      <Filter>algorithms</Filter>
    </ClInclude>
    <ClInclude Include="mc_vcg_intersection.hpp">
      <Filter>Intersection</Filter>
    </ClInclude>
  </ItemGroup>
  <ItemGroup>
    <ClCompile Include="logger.cpp">
      <Filter>Logger</Filter>
    </ClCompile>
    <ClCompile Include="mc_vcg_surface.cpp">
      <Filter>algorithms</Filter>
    </ClCompile>
    <ClCompile Include="mc_vcg_intersection.cpp">
      <Filter>Intersection</Filter>
    </ClCompile>
    <ClCompile Include="utils.cpp">
      <Filter>Intersection</Filter>
    </ClCompile>
  </ItemGroup>
</Project>