<?xml version="1.0" encoding="utf-8"?>
<Project ToolsVersion="4.0" xmlns="http://schemas.microsoft.com/developer/msbuild/2003">
  <ItemGroup>
    <Filter Include="Fichiers sources">
      <UniqueIdentifier>{4FC737F1-C7A5-4376-A066-2A32D752A2FF}</UniqueIdentifier>
      <Extensions>cpp;c;cc;cxx;def;odl;idl;hpj;bat;asm;asmx</Extensions>
    </Filter>
    <Filter Include="Fichiers d%27en-tête">
      <UniqueIdentifier>{93995380-89BD-4b04-88EB-625FBE52EBFB}</UniqueIdentifier>
      <Extensions>h;hh;hpp;hxx;hm;inl;inc;xsd</Extensions>
    </Filter>
    <Filter Include="Fichiers de ressources">
      <UniqueIdentifier>{67DA6AB6-F800-4c08-8B7A-83BB121AAD01}</UniqueIdentifier>
      <Extensions>rc;ico;cur;bmp;dlg;rc2;rct;bin;rgs;gif;jpg;jpeg;jpe;resx;tiff;tif;png;wav;mfcribbon-ms</Extensions>
    </Filter>
    <Filter Include="VCG">
      <UniqueIdentifier>{61fd5c8e-565b-48f6-9bd2-d977aae12ffe}</UniqueIdentifier>
    </Filter>
    <Filter Include="OpenMesh">
      <UniqueIdentifier>{474118ef-db95-4d61-ba4d-693449fc55c3}</UniqueIdentifier>
    </Filter>
    <Filter Include="GTS">
      <UniqueIdentifier>{43067ca7-6442-4d32-897c-9d958e719a35}</UniqueIdentifier>
    </Filter>
    <Filter Include="ReMesh">
      <UniqueIdentifier>{cb07cb2d-aefd-4dce-be7e-5ce63230b855}</UniqueIdentifier>
    </Filter>
    <Filter Include="CGAL">
      <UniqueIdentifier>{4fbd2855-4351-44d5-86be-792ed383fabe}</UniqueIdentifier>
    </Filter>
  </ItemGroup>
  <ItemGroup>
    <ClInclude Include="mc_vcg_mesh.h">
      <Filter>VCG</Filter>
    </ClInclude>
    <ClInclude Include="mc_vcg_obj_importer.hpp">
      <Filter>VCG</Filter>
    </ClInclude>
    <ClInclude Include="mc_cg_obj_importer.h">
      <Filter>CGAL</Filter>
    </ClInclude>
    <ClInclude Include="mc_om_obj_importer.hpp">
      <Filter>OpenMesh</Filter>
    </ClInclude>
    <ClInclude Include="mc_cm2_obj_importer.hpp">
      <Filter>ReMesh</Filter>
    </ClInclude>
    <ClInclude Include="mc_vcg_primitives.hpp">
      <Filter>VCG</Filter>
    </ClInclude>
    <ClInclude Include="mc_om_primitives.hpp">
      <Filter>OpenMesh</Filter>
    </ClInclude>
    <ClInclude Include="mc_om_mesh.h">
      <Filter>OpenMesh</Filter>
    </ClInclude>
  </ItemGroup>
</Project>